// !$*UTF8*$!
{
	archiveVersion = 1;
	classes = {
	};
	objectVersion = 51;
	objects = {

/* Begin PBXBuildFile section */
		07F1FA00A53AE8DBC8A8925F /* Pods_TeleMedML.framework in Frameworks */ = {isa = PBXBuildFile; fileRef = 3F2E852119D52B706CAE090B /* Pods_TeleMedML.framework */; };
		429A171D247A01450028F816 /* bigredborder.png in Resources */ = {isa = PBXBuildFile; fileRef = 429A171C247A01450028F816 /* bigredborder.png */; };
		429A171F247A0BD20028F816 /* SignUpVC.swift in Sources */ = {isa = PBXBuildFile; fileRef = 429A171E247A0BD20028F816 /* SignUpVC.swift */; };
		42E64CE52479855B00242A78 /* AppDelegate.swift in Sources */ = {isa = PBXBuildFile; fileRef = 42E64CE42479855B00242A78 /* AppDelegate.swift */; };
		42E64CE72479855B00242A78 /* SceneDelegate.swift in Sources */ = {isa = PBXBuildFile; fileRef = 42E64CE62479855B00242A78 /* SceneDelegate.swift */; };
		42E64CEC2479855B00242A78 /* Main.storyboard in Resources */ = {isa = PBXBuildFile; fileRef = 42E64CEA2479855B00242A78 /* Main.storyboard */; };
		42E64CEE2479855E00242A78 /* Assets.xcassets in Resources */ = {isa = PBXBuildFile; fileRef = 42E64CED2479855E00242A78 /* Assets.xcassets */; };
		42E64CF12479855E00242A78 /* LaunchScreen.storyboard in Resources */ = {isa = PBXBuildFile; fileRef = 42E64CEF2479855E00242A78 /* LaunchScreen.storyboard */; };
		42E64CFC2479855E00242A78 /* TeleMedMLTests.swift in Sources */ = {isa = PBXBuildFile; fileRef = 42E64CFB2479855E00242A78 /* TeleMedMLTests.swift */; };
		42E64D072479855E00242A78 /* TeleMedMLUITests.swift in Sources */ = {isa = PBXBuildFile; fileRef = 42E64D062479855E00242A78 /* TeleMedMLUITests.swift */; };
		42E64D152479890C00242A78 /* LoginVC.swift in Sources */ = {isa = PBXBuildFile; fileRef = 42E64D142479890C00242A78 /* LoginVC.swift */; };
		42E64D172479891E00242A78 /* PatientWelcomeVC.swift in Sources */ = {isa = PBXBuildFile; fileRef = 42E64D162479891E00242A78 /* PatientWelcomeVC.swift */; };
		42E64D192479892E00242A78 /* DoctorWelcomeVC.swift in Sources */ = {isa = PBXBuildFile; fileRef = 42E64D182479892E00242A78 /* DoctorWelcomeVC.swift */; };
		42E64D1F2479899000242A78 /* ResultsVC.swift in Sources */ = {isa = PBXBuildFile; fileRef = 42E64D1E2479899000242A78 /* ResultsVC.swift */; };
		42E64D212479899D00242A78 /* DoctorCallVC.swift in Sources */ = {isa = PBXBuildFile; fileRef = 42E64D202479899D00242A78 /* DoctorCallVC.swift */; };
		42E64D23247989AA00242A78 /* PatientCallVC.swift in Sources */ = {isa = PBXBuildFile; fileRef = 42E64D22247989AA00242A78 /* PatientCallVC.swift */; };
		42E64D2924798D2600242A78 /* HistoryTVC.swift in Sources */ = {isa = PBXBuildFile; fileRef = 42E64D2824798D2600242A78 /* HistoryTVC.swift */; };
		42E64D2B24798D3E00242A78 /* SymptomsVC.swift in Sources */ = {isa = PBXBuildFile; fileRef = 42E64D2A24798D3E00242A78 /* SymptomsVC.swift */; };
		42E64D302479D42600242A78 /* TeleMedML.png in Resources */ = {isa = PBXBuildFile; fileRef = 42E64D2F2479D42500242A78 /* TeleMedML.png */; };
		42E64D322479D4F300242A78 /* tmmTest.mov in Resources */ = {isa = PBXBuildFile; fileRef = 42E64D312479D4F300242A78 /* tmmTest.mov */; };
		A208B6C97DFB220A1D35215C /* Pods_TeleMedMLTests.framework in Frameworks */ = {isa = PBXBuildFile; fileRef = 64FE4D36FB3C9C099C8E0272 /* Pods_TeleMedMLTests.framework */; };
		C700F43FBDF3B54D5C1D4E61 /* Pods_TeleMedML_TeleMedMLUITests.framework in Frameworks */ = {isa = PBXBuildFile; fileRef = FD4AD376AB3AADDA00353BE3 /* Pods_TeleMedML_TeleMedMLUITests.framework */; };
/* End PBXBuildFile section */

/* Begin PBXContainerItemProxy section */
		42E64CF82479855E00242A78 /* PBXContainerItemProxy */ = {
			isa = PBXContainerItemProxy;
			containerPortal = 42E64CD92479855B00242A78 /* Project object */;
			proxyType = 1;
			remoteGlobalIDString = 42E64CE02479855B00242A78;
			remoteInfo = TeleMedML;
		};
		42E64D032479855E00242A78 /* PBXContainerItemProxy */ = {
			isa = PBXContainerItemProxy;
			containerPortal = 42E64CD92479855B00242A78 /* Project object */;
			proxyType = 1;
			remoteGlobalIDString = 42E64CE02479855B00242A78;
			remoteInfo = TeleMedML;
		};
/* End PBXContainerItemProxy section */

/* Begin PBXFileReference section */
		1C8078E278089056D0B78BA3 /* Pods-TeleMedMLTests.debug.xcconfig */ = {isa = PBXFileReference; includeInIndex = 1; lastKnownFileType = text.xcconfig; name = "Pods-TeleMedMLTests.debug.xcconfig"; path = "Target Support Files/Pods-TeleMedMLTests/Pods-TeleMedMLTests.debug.xcconfig"; sourceTree = "<group>"; };
		3F2E852119D52B706CAE090B /* Pods_TeleMedML.framework */ = {isa = PBXFileReference; explicitFileType = wrapper.framework; includeInIndex = 0; path = Pods_TeleMedML.framework; sourceTree = BUILT_PRODUCTS_DIR; };
		429A171C247A01450028F816 /* bigredborder.png */ = {isa = PBXFileReference; lastKnownFileType = image.png; path = bigredborder.png; sourceTree = "<group>"; };
		429A171E247A0BD20028F816 /* SignUpVC.swift */ = {isa = PBXFileReference; lastKnownFileType = sourcecode.swift; path = SignUpVC.swift; sourceTree = "<group>"; };
		42E64CE12479855B00242A78 /* TeleMedML.app */ = {isa = PBXFileReference; explicitFileType = wrapper.application; includeInIndex = 0; path = TeleMedML.app; sourceTree = BUILT_PRODUCTS_DIR; };
		42E64CE42479855B00242A78 /* AppDelegate.swift */ = {isa = PBXFileReference; lastKnownFileType = sourcecode.swift; path = AppDelegate.swift; sourceTree = "<group>"; };
		42E64CE62479855B00242A78 /* SceneDelegate.swift */ = {isa = PBXFileReference; lastKnownFileType = sourcecode.swift; path = SceneDelegate.swift; sourceTree = "<group>"; };
		42E64CEB2479855B00242A78 /* Base */ = {isa = PBXFileReference; lastKnownFileType = file.storyboard; name = Base; path = Base.lproj/Main.storyboard; sourceTree = "<group>"; };
		42E64CED2479855E00242A78 /* Assets.xcassets */ = {isa = PBXFileReference; lastKnownFileType = folder.assetcatalog; path = Assets.xcassets; sourceTree = "<group>"; };
		42E64CF02479855E00242A78 /* Base */ = {isa = PBXFileReference; lastKnownFileType = file.storyboard; name = Base; path = Base.lproj/LaunchScreen.storyboard; sourceTree = "<group>"; };
		42E64CF22479855E00242A78 /* Info.plist */ = {isa = PBXFileReference; lastKnownFileType = text.plist.xml; path = Info.plist; sourceTree = "<group>"; };
		42E64CF72479855E00242A78 /* TeleMedMLTests.xctest */ = {isa = PBXFileReference; explicitFileType = wrapper.cfbundle; includeInIndex = 0; path = TeleMedMLTests.xctest; sourceTree = BUILT_PRODUCTS_DIR; };
		42E64CFB2479855E00242A78 /* TeleMedMLTests.swift */ = {isa = PBXFileReference; lastKnownFileType = sourcecode.swift; path = TeleMedMLTests.swift; sourceTree = "<group>"; };
		42E64CFD2479855E00242A78 /* Info.plist */ = {isa = PBXFileReference; lastKnownFileType = text.plist.xml; path = Info.plist; sourceTree = "<group>"; };
		42E64D022479855E00242A78 /* TeleMedMLUITests.xctest */ = {isa = PBXFileReference; explicitFileType = wrapper.cfbundle; includeInIndex = 0; path = TeleMedMLUITests.xctest; sourceTree = BUILT_PRODUCTS_DIR; };
		42E64D062479855E00242A78 /* TeleMedMLUITests.swift */ = {isa = PBXFileReference; lastKnownFileType = sourcecode.swift; path = TeleMedMLUITests.swift; sourceTree = "<group>"; };
		42E64D082479855E00242A78 /* Info.plist */ = {isa = PBXFileReference; lastKnownFileType = text.plist.xml; path = Info.plist; sourceTree = "<group>"; };
		42E64D142479890C00242A78 /* LoginVC.swift */ = {isa = PBXFileReference; lastKnownFileType = sourcecode.swift; path = LoginVC.swift; sourceTree = "<group>"; };
		42E64D162479891E00242A78 /* PatientWelcomeVC.swift */ = {isa = PBXFileReference; lastKnownFileType = sourcecode.swift; path = PatientWelcomeVC.swift; sourceTree = "<group>"; };
		42E64D182479892E00242A78 /* DoctorWelcomeVC.swift */ = {isa = PBXFileReference; lastKnownFileType = sourcecode.swift; path = DoctorWelcomeVC.swift; sourceTree = "<group>"; };
		42E64D1E2479899000242A78 /* ResultsVC.swift */ = {isa = PBXFileReference; lastKnownFileType = sourcecode.swift; path = ResultsVC.swift; sourceTree = "<group>"; };
		42E64D202479899D00242A78 /* DoctorCallVC.swift */ = {isa = PBXFileReference; lastKnownFileType = sourcecode.swift; path = DoctorCallVC.swift; sourceTree = "<group>"; };
		42E64D22247989AA00242A78 /* PatientCallVC.swift */ = {isa = PBXFileReference; lastKnownFileType = sourcecode.swift; path = PatientCallVC.swift; sourceTree = "<group>"; };
		42E64D2824798D2600242A78 /* HistoryTVC.swift */ = {isa = PBXFileReference; lastKnownFileType = sourcecode.swift; name = HistoryTVC.swift; path = TeleMedML/HistoryTVC.swift; sourceTree = "<group>"; };
		42E64D2A24798D3E00242A78 /* SymptomsVC.swift */ = {isa = PBXFileReference; lastKnownFileType = sourcecode.swift; path = SymptomsVC.swift; sourceTree = "<group>"; };
		42E64D2F2479D42500242A78 /* TeleMedML.png */ = {isa = PBXFileReference; lastKnownFileType = image.png; name = TeleMedML.png; path = ../../../../../Downloads/TeleMedML.png; sourceTree = "<group>"; };
		42E64D312479D4F300242A78 /* tmmTest.mov */ = {isa = PBXFileReference; lastKnownFileType = video.quicktime; name = tmmTest.mov; path = ../../../../../Desktop/tmmTest.mov; sourceTree = "<group>"; };
		64FE4D36FB3C9C099C8E0272 /* Pods_TeleMedMLTests.framework */ = {isa = PBXFileReference; explicitFileType = wrapper.framework; includeInIndex = 0; path = Pods_TeleMedMLTests.framework; sourceTree = BUILT_PRODUCTS_DIR; };
		65FB3F1598E31780EB81A5E8 /* Pods-TeleMedML.release.xcconfig */ = {isa = PBXFileReference; includeInIndex = 1; lastKnownFileType = text.xcconfig; name = "Pods-TeleMedML.release.xcconfig"; path = "Target Support Files/Pods-TeleMedML/Pods-TeleMedML.release.xcconfig"; sourceTree = "<group>"; };
		671690EC4FF036F679224C3C /* Pods-TeleMedML-TeleMedMLUITests.debug.xcconfig */ = {isa = PBXFileReference; includeInIndex = 1; lastKnownFileType = text.xcconfig; name = "Pods-TeleMedML-TeleMedMLUITests.debug.xcconfig"; path = "Target Support Files/Pods-TeleMedML-TeleMedMLUITests/Pods-TeleMedML-TeleMedMLUITests.debug.xcconfig"; sourceTree = "<group>"; };
		727546634BB900AA0511BCE3 /* Pods-TeleMedML.debug.xcconfig */ = {isa = PBXFileReference; includeInIndex = 1; lastKnownFileType = text.xcconfig; name = "Pods-TeleMedML.debug.xcconfig"; path = "Target Support Files/Pods-TeleMedML/Pods-TeleMedML.debug.xcconfig"; sourceTree = "<group>"; };
		BCD944185C145A62A3DBCCCC /* Pods-TeleMedMLTests.release.xcconfig */ = {isa = PBXFileReference; includeInIndex = 1; lastKnownFileType = text.xcconfig; name = "Pods-TeleMedMLTests.release.xcconfig"; path = "Target Support Files/Pods-TeleMedMLTests/Pods-TeleMedMLTests.release.xcconfig"; sourceTree = "<group>"; };
		F1F2790CAA4F1E06AFF8F576 /* Pods-TeleMedML-TeleMedMLUITests.release.xcconfig */ = {isa = PBXFileReference; includeInIndex = 1; lastKnownFileType = text.xcconfig; name = "Pods-TeleMedML-TeleMedMLUITests.release.xcconfig"; path = "Target Support Files/Pods-TeleMedML-TeleMedMLUITests/Pods-TeleMedML-TeleMedMLUITests.release.xcconfig"; sourceTree = "<group>"; };
		FD4AD376AB3AADDA00353BE3 /* Pods_TeleMedML_TeleMedMLUITests.framework */ = {isa = PBXFileReference; explicitFileType = wrapper.framework; includeInIndex = 0; path = Pods_TeleMedML_TeleMedMLUITests.framework; sourceTree = BUILT_PRODUCTS_DIR; };
/* End PBXFileReference section */

/* Begin PBXFrameworksBuildPhase section */
		42E64CDE2479855B00242A78 /* Frameworks */ = {
			isa = PBXFrameworksBuildPhase;
			buildActionMask = 2147483647;
			files = (
				07F1FA00A53AE8DBC8A8925F /* Pods_TeleMedML.framework in Frameworks */,
			);
			runOnlyForDeploymentPostprocessing = 0;
		};
		42E64CF42479855E00242A78 /* Frameworks */ = {
			isa = PBXFrameworksBuildPhase;
			buildActionMask = 2147483647;
			files = (
				A208B6C97DFB220A1D35215C /* Pods_TeleMedMLTests.framework in Frameworks */,
			);
			runOnlyForDeploymentPostprocessing = 0;
		};
		42E64CFF2479855E00242A78 /* Frameworks */ = {
			isa = PBXFrameworksBuildPhase;
			buildActionMask = 2147483647;
			files = (
				C700F43FBDF3B54D5C1D4E61 /* Pods_TeleMedML_TeleMedMLUITests.framework in Frameworks */,
			);
			runOnlyForDeploymentPostprocessing = 0;
		};
/* End PBXFrameworksBuildPhase section */

/* Begin PBXGroup section */
		0A602238C23E9E3B99F36A66 /* Frameworks */ = {
			isa = PBXGroup;
			children = (
				3F2E852119D52B706CAE090B /* Pods_TeleMedML.framework */,
				FD4AD376AB3AADDA00353BE3 /* Pods_TeleMedML_TeleMedMLUITests.framework */,
				64FE4D36FB3C9C099C8E0272 /* Pods_TeleMedMLTests.framework */,
			);
			name = Frameworks;
			sourceTree = "<group>";
		};
		42E64CD82479855B00242A78 = {
			isa = PBXGroup;
			children = (
				42E64D2824798D2600242A78 /* HistoryTVC.swift */,
				42E64CE32479855B00242A78 /* TeleMedML */,
				42E64CFA2479855E00242A78 /* TeleMedMLTests */,
				42E64D052479855E00242A78 /* TeleMedMLUITests */,
				42E64CE22479855B00242A78 /* Products */,
				DAA6F8585874489DDF04CDCF /* Pods */,
				0A602238C23E9E3B99F36A66 /* Frameworks */,
			);
			sourceTree = "<group>";
		};
		42E64CE22479855B00242A78 /* Products */ = {
			isa = PBXGroup;
			children = (
				42E64CE12479855B00242A78 /* TeleMedML.app */,
				42E64CF72479855E00242A78 /* TeleMedMLTests.xctest */,
				42E64D022479855E00242A78 /* TeleMedMLUITests.xctest */,
			);
			name = Products;
			sourceTree = "<group>";
		};
		42E64CE32479855B00242A78 /* TeleMedML */ = {
			isa = PBXGroup;
			children = (
				42E64D312479D4F300242A78 /* tmmTest.mov */,
				429A171C247A01450028F816 /* bigredborder.png */,
				42E64D2F2479D42500242A78 /* TeleMedML.png */,
				42E64CE42479855B00242A78 /* AppDelegate.swift */,
				42E64CE62479855B00242A78 /* SceneDelegate.swift */,
				42E64CEA2479855B00242A78 /* Main.storyboard */,
				429A171E247A0BD20028F816 /* SignUpVC.swift */,
				42E64D2A24798D3E00242A78 /* SymptomsVC.swift */,
				42E64D1E2479899000242A78 /* ResultsVC.swift */,
				42E64D202479899D00242A78 /* DoctorCallVC.swift */,
				42E64D22247989AA00242A78 /* PatientCallVC.swift */,
				42E64D162479891E00242A78 /* PatientWelcomeVC.swift */,
				42E64D182479892E00242A78 /* DoctorWelcomeVC.swift */,
				42E64D142479890C00242A78 /* LoginVC.swift */,
				42E64CED2479855E00242A78 /* Assets.xcassets */,
				42E64CEF2479855E00242A78 /* LaunchScreen.storyboard */,
				42E64CF22479855E00242A78 /* Info.plist */,
			);
			path = TeleMedML;
			sourceTree = "<group>";
		};
		42E64CFA2479855E00242A78 /* TeleMedMLTests */ = {
			isa = PBXGroup;
			children = (
				42E64CFB2479855E00242A78 /* TeleMedMLTests.swift */,
				42E64CFD2479855E00242A78 /* Info.plist */,
			);
			path = TeleMedMLTests;
			sourceTree = "<group>";
		};
		42E64D052479855E00242A78 /* TeleMedMLUITests */ = {
			isa = PBXGroup;
			children = (
				42E64D062479855E00242A78 /* TeleMedMLUITests.swift */,
				42E64D082479855E00242A78 /* Info.plist */,
			);
			path = TeleMedMLUITests;
			sourceTree = "<group>";
		};
		DAA6F8585874489DDF04CDCF /* Pods */ = {
			isa = PBXGroup;
			children = (
				727546634BB900AA0511BCE3 /* Pods-TeleMedML.debug.xcconfig */,
				65FB3F1598E31780EB81A5E8 /* Pods-TeleMedML.release.xcconfig */,
				671690EC4FF036F679224C3C /* Pods-TeleMedML-TeleMedMLUITests.debug.xcconfig */,
				F1F2790CAA4F1E06AFF8F576 /* Pods-TeleMedML-TeleMedMLUITests.release.xcconfig */,
				1C8078E278089056D0B78BA3 /* Pods-TeleMedMLTests.debug.xcconfig */,
				BCD944185C145A62A3DBCCCC /* Pods-TeleMedMLTests.release.xcconfig */,
			);
			path = Pods;
			sourceTree = "<group>";
		};
/* End PBXGroup section */

/* Begin PBXNativeTarget section */
		42E64CE02479855B00242A78 /* TeleMedML */ = {
			isa = PBXNativeTarget;
			buildConfigurationList = 42E64D0B2479855E00242A78 /* Build configuration list for PBXNativeTarget "TeleMedML" */;
			buildPhases = (
				C259EC1B94D68302A14BD37B /* [CP] Check Pods Manifest.lock */,
				42E64CDD2479855B00242A78 /* Sources */,
				42E64CDE2479855B00242A78 /* Frameworks */,
				42E64CDF2479855B00242A78 /* Resources */,
				95D990EFC4C94015AE76BA37 /* [CP] Embed Pods Frameworks */,
			);
			buildRules = (
			);
			dependencies = (
			);
			name = TeleMedML;
			productName = TeleMedML;
			productReference = 42E64CE12479855B00242A78 /* TeleMedML.app */;
			productType = "com.apple.product-type.application";
		};
		42E64CF62479855E00242A78 /* TeleMedMLTests */ = {
			isa = PBXNativeTarget;
			buildConfigurationList = 42E64D0E2479855E00242A78 /* Build configuration list for PBXNativeTarget "TeleMedMLTests" */;
			buildPhases = (
				7BB3B18385F9FEFBF1F46798 /* [CP] Check Pods Manifest.lock */,
				42E64CF32479855E00242A78 /* Sources */,
				42E64CF42479855E00242A78 /* Frameworks */,
				42E64CF52479855E00242A78 /* Resources */,
			);
			buildRules = (
			);
			dependencies = (
				42E64CF92479855E00242A78 /* PBXTargetDependency */,
			);
			name = TeleMedMLTests;
			productName = TeleMedMLTests;
			productReference = 42E64CF72479855E00242A78 /* TeleMedMLTests.xctest */;
			productType = "com.apple.product-type.bundle.unit-test";
		};
		42E64D012479855E00242A78 /* TeleMedMLUITests */ = {
			isa = PBXNativeTarget;
			buildConfigurationList = 42E64D112479855E00242A78 /* Build configuration list for PBXNativeTarget "TeleMedMLUITests" */;
			buildPhases = (
				F65F03412C6C93E203FC83D5 /* [CP] Check Pods Manifest.lock */,
				42E64CFE2479855E00242A78 /* Sources */,
				42E64CFF2479855E00242A78 /* Frameworks */,
				42E64D002479855E00242A78 /* Resources */,
				2540B077336AAD420F012E00 /* [CP] Embed Pods Frameworks */,
			);
			buildRules = (
			);
			dependencies = (
				42E64D042479855E00242A78 /* PBXTargetDependency */,
			);
			name = TeleMedMLUITests;
			productName = TeleMedMLUITests;
			productReference = 42E64D022479855E00242A78 /* TeleMedMLUITests.xctest */;
			productType = "com.apple.product-type.bundle.ui-testing";
		};
/* End PBXNativeTarget section */

/* Begin PBXProject section */
		42E64CD92479855B00242A78 /* Project object */ = {
			isa = PBXProject;
			attributes = {
				LastSwiftUpdateCheck = 1140;
				LastUpgradeCheck = 1140;
				ORGANIZATIONNAME = aryatschand;
				TargetAttributes = {
					42E64CE02479855B00242A78 = {
						CreatedOnToolsVersion = 11.4.1;
					};
					42E64CF62479855E00242A78 = {
						CreatedOnToolsVersion = 11.4.1;
						TestTargetID = 42E64CE02479855B00242A78;
					};
					42E64D012479855E00242A78 = {
						CreatedOnToolsVersion = 11.4.1;
						TestTargetID = 42E64CE02479855B00242A78;
					};
				};
			};
			buildConfigurationList = 42E64CDC2479855B00242A78 /* Build configuration list for PBXProject "TeleMedML" */;
			compatibilityVersion = "Xcode 9.3";
			developmentRegion = en;
			hasScannedForEncodings = 0;
			knownRegions = (
				en,
				Base,
			);
			mainGroup = 42E64CD82479855B00242A78;
			productRefGroup = 42E64CE22479855B00242A78 /* Products */;
			projectDirPath = "";
			projectRoot = "";
			targets = (
				42E64CE02479855B00242A78 /* TeleMedML */,
				42E64CF62479855E00242A78 /* TeleMedMLTests */,
				42E64D012479855E00242A78 /* TeleMedMLUITests */,
			);
		};
/* End PBXProject section */

/* Begin PBXResourcesBuildPhase section */
		42E64CDF2479855B00242A78 /* Resources */ = {
			isa = PBXResourcesBuildPhase;
			buildActionMask = 2147483647;
			files = (
				42E64D322479D4F300242A78 /* tmmTest.mov in Resources */,
				42E64CF12479855E00242A78 /* LaunchScreen.storyboard in Resources */,
				42E64D302479D42600242A78 /* TeleMedML.png in Resources */,
				42E64CEE2479855E00242A78 /* Assets.xcassets in Resources */,
				429A171D247A01450028F816 /* bigredborder.png in Resources */,
				42E64CEC2479855B00242A78 /* Main.storyboard in Resources */,
			);
			runOnlyForDeploymentPostprocessing = 0;
		};
		42E64CF52479855E00242A78 /* Resources */ = {
			isa = PBXResourcesBuildPhase;
			buildActionMask = 2147483647;
			files = (
			);
			runOnlyForDeploymentPostprocessing = 0;
		};
		42E64D002479855E00242A78 /* Resources */ = {
			isa = PBXResourcesBuildPhase;
			buildActionMask = 2147483647;
			files = (
			);
			runOnlyForDeploymentPostprocessing = 0;
		};
/* End PBXResourcesBuildPhase section */

/* Begin PBXShellScriptBuildPhase section */
		2540B077336AAD420F012E00 /* [CP] Embed Pods Frameworks */ = {
			isa = PBXShellScriptBuildPhase;
			buildActionMask = 2147483647;
			files = (
			);
			inputFileListPaths = (
				"${PODS_ROOT}/Target Support Files/Pods-TeleMedML-TeleMedMLUITests/Pods-TeleMedML-TeleMedMLUITests-frameworks-${CONFIGURATION}-input-files.xcfilelist",
			);
			name = "[CP] Embed Pods Frameworks";
			outputFileListPaths = (
				"${PODS_ROOT}/Target Support Files/Pods-TeleMedML-TeleMedMLUITests/Pods-TeleMedML-TeleMedMLUITests-frameworks-${CONFIGURATION}-output-files.xcfilelist",
			);
			runOnlyForDeploymentPostprocessing = 0;
			shellPath = /bin/sh;
			shellScript = "\"${PODS_ROOT}/Target Support Files/Pods-TeleMedML-TeleMedMLUITests/Pods-TeleMedML-TeleMedMLUITests-frameworks.sh\"\n";
			showEnvVarsInLog = 0;
		};
		7BB3B18385F9FEFBF1F46798 /* [CP] Check Pods Manifest.lock */ = {
			isa = PBXShellScriptBuildPhase;
			buildActionMask = 2147483647;
			files = (
			);
			inputFileListPaths = (
			);
			inputPaths = (
				"${PODS_PODFILE_DIR_PATH}/Podfile.lock",
				"${PODS_ROOT}/Manifest.lock",
			);
			name = "[CP] Check Pods Manifest.lock";
			outputFileListPaths = (
			);
			outputPaths = (
				"$(DERIVED_FILE_DIR)/Pods-TeleMedMLTests-checkManifestLockResult.txt",
			);
			runOnlyForDeploymentPostprocessing = 0;
			shellPath = /bin/sh;
			shellScript = "diff \"${PODS_PODFILE_DIR_PATH}/Podfile.lock\" \"${PODS_ROOT}/Manifest.lock\" > /dev/null\nif [ $? != 0 ] ; then\n    # print error to STDERR\n    echo \"error: The sandbox is not in sync with the Podfile.lock. Run 'pod install' or update your CocoaPods installation.\" >&2\n    exit 1\nfi\n# This output is used by Xcode 'outputs' to avoid re-running this script phase.\necho \"SUCCESS\" > \"${SCRIPT_OUTPUT_FILE_0}\"\n";
			showEnvVarsInLog = 0;
		};
		95D990EFC4C94015AE76BA37 /* [CP] Embed Pods Frameworks */ = {
			isa = PBXShellScriptBuildPhase;
			buildActionMask = 2147483647;
			files = (
			);
			inputFileListPaths = (
				"${PODS_ROOT}/Target Support Files/Pods-TeleMedML/Pods-TeleMedML-frameworks-${CONFIGURATION}-input-files.xcfilelist",
			);
			name = "[CP] Embed Pods Frameworks";
			outputFileListPaths = (
				"${PODS_ROOT}/Target Support Files/Pods-TeleMedML/Pods-TeleMedML-frameworks-${CONFIGURATION}-output-files.xcfilelist",
			);
			runOnlyForDeploymentPostprocessing = 0;
			shellPath = /bin/sh;
			shellScript = "\"${PODS_ROOT}/Target Support Files/Pods-TeleMedML/Pods-TeleMedML-frameworks.sh\"\n";
			showEnvVarsInLog = 0;
		};
		C259EC1B94D68302A14BD37B /* [CP] Check Pods Manifest.lock */ = {
			isa = PBXShellScriptBuildPhase;
			buildActionMask = 2147483647;
			files = (
			);
			inputFileListPaths = (
			);
			inputPaths = (
				"${PODS_PODFILE_DIR_PATH}/Podfile.lock",
				"${PODS_ROOT}/Manifest.lock",
			);
			name = "[CP] Check Pods Manifest.lock";
			outputFileListPaths = (
			);
			outputPaths = (
				"$(DERIVED_FILE_DIR)/Pods-TeleMedML-checkManifestLockResult.txt",
			);
			runOnlyForDeploymentPostprocessing = 0;
			shellPath = /bin/sh;
			shellScript = "diff \"${PODS_PODFILE_DIR_PATH}/Podfile.lock\" \"${PODS_ROOT}/Manifest.lock\" > /dev/null\nif [ $? != 0 ] ; then\n    # print error to STDERR\n    echo \"error: The sandbox is not in sync with the Podfile.lock. Run 'pod install' or update your CocoaPods installation.\" >&2\n    exit 1\nfi\n# This output is used by Xcode 'outputs' to avoid re-running this script phase.\necho \"SUCCESS\" > \"${SCRIPT_OUTPUT_FILE_0}\"\n";
			showEnvVarsInLog = 0;
		};
		F65F03412C6C93E203FC83D5 /* [CP] Check Pods Manifest.lock */ = {
			isa = PBXShellScriptBuildPhase;
			buildActionMask = 2147483647;
			files = (
			);
			inputFileListPaths = (
			);
			inputPaths = (
				"${PODS_PODFILE_DIR_PATH}/Podfile.lock",
				"${PODS_ROOT}/Manifest.lock",
			);
			name = "[CP] Check Pods Manifest.lock";
			outputFileListPaths = (
			);
			outputPaths = (
				"$(DERIVED_FILE_DIR)/Pods-TeleMedML-TeleMedMLUITests-checkManifestLockResult.txt",
			);
			runOnlyForDeploymentPostprocessing = 0;
			shellPath = /bin/sh;
			shellScript = "diff \"${PODS_PODFILE_DIR_PATH}/Podfile.lock\" \"${PODS_ROOT}/Manifest.lock\" > /dev/null\nif [ $? != 0 ] ; then\n    # print error to STDERR\n    echo \"error: The sandbox is not in sync with the Podfile.lock. Run 'pod install' or update your CocoaPods installation.\" >&2\n    exit 1\nfi\n# This output is used by Xcode 'outputs' to avoid re-running this script phase.\necho \"SUCCESS\" > \"${SCRIPT_OUTPUT_FILE_0}\"\n";
			showEnvVarsInLog = 0;
		};
/* End PBXShellScriptBuildPhase section */

/* Begin PBXSourcesBuildPhase section */
		42E64CDD2479855B00242A78 /* Sources */ = {
			isa = PBXSourcesBuildPhase;
			buildActionMask = 2147483647;
			files = (
				42E64D192479892E00242A78 /* DoctorWelcomeVC.swift in Sources */,
				42E64CE52479855B00242A78 /* AppDelegate.swift in Sources */,
				42E64D2B24798D3E00242A78 /* SymptomsVC.swift in Sources */,
				429A171F247A0BD20028F816 /* SignUpVC.swift in Sources */,
				42E64D152479890C00242A78 /* LoginVC.swift in Sources */,
				42E64D23247989AA00242A78 /* PatientCallVC.swift in Sources */,
				42E64D1F2479899000242A78 /* ResultsVC.swift in Sources */,
				42E64CE72479855B00242A78 /* SceneDelegate.swift in Sources */,
				42E64D212479899D00242A78 /* DoctorCallVC.swift in Sources */,
				42E64D2924798D2600242A78 /* HistoryTVC.swift in Sources */,
				42E64D172479891E00242A78 /* PatientWelcomeVC.swift in Sources */,
			);
			runOnlyForDeploymentPostprocessing = 0;
		};
		42E64CF32479855E00242A78 /* Sources */ = {
			isa = PBXSourcesBuildPhase;
			buildActionMask = 2147483647;
			files = (
				42E64CFC2479855E00242A78 /* TeleMedMLTests.swift in Sources */,
			);
			runOnlyForDeploymentPostprocessing = 0;
		};
		42E64CFE2479855E00242A78 /* Sources */ = {
			isa = PBXSourcesBuildPhase;
			buildActionMask = 2147483647;
			files = (
				42E64D072479855E00242A78 /* TeleMedMLUITests.swift in Sources */,
			);
			runOnlyForDeploymentPostprocessing = 0;
		};
/* End PBXSourcesBuildPhase section */

/* Begin PBXTargetDependency section */
		42E64CF92479855E00242A78 /* PBXTargetDependency */ = {
			isa = PBXTargetDependency;
			target = 42E64CE02479855B00242A78 /* TeleMedML */;
			targetProxy = 42E64CF82479855E00242A78 /* PBXContainerItemProxy */;
		};
		42E64D042479855E00242A78 /* PBXTargetDependency */ = {
			isa = PBXTargetDependency;
			target = 42E64CE02479855B00242A78 /* TeleMedML */;
			targetProxy = 42E64D032479855E00242A78 /* PBXContainerItemProxy */;
		};
/* End PBXTargetDependency section */

/* Begin PBXVariantGroup section */
		42E64CEA2479855B00242A78 /* Main.storyboard */ = {
			isa = PBXVariantGroup;
			children = (
				42E64CEB2479855B00242A78 /* Base */,
			);
			name = Main.storyboard;
			sourceTree = "<group>";
		};
		42E64CEF2479855E00242A78 /* LaunchScreen.storyboard */ = {
			isa = PBXVariantGroup;
			children = (
				42E64CF02479855E00242A78 /* Base */,
			);
			name = LaunchScreen.storyboard;
			sourceTree = "<group>";
		};
/* End PBXVariantGroup section */

/* Begin XCBuildConfiguration section */
		42E64D092479855E00242A78 /* Debug */ = {
			isa = XCBuildConfiguration;
			buildSettings = {
				ALWAYS_SEARCH_USER_PATHS = NO;
				CLANG_ANALYZER_NONNULL = YES;
				CLANG_ANALYZER_NUMBER_OBJECT_CONVERSION = YES_AGGRESSIVE;
				CLANG_CXX_LANGUAGE_STANDARD = "gnu++14";
				CLANG_CXX_LIBRARY = "libc++";
				CLANG_ENABLE_MODULES = YES;
				CLANG_ENABLE_OBJC_ARC = YES;
				CLANG_ENABLE_OBJC_WEAK = YES;
				CLANG_WARN_BLOCK_CAPTURE_AUTORELEASING = YES;
				CLANG_WARN_BOOL_CONVERSION = YES;
				CLANG_WARN_COMMA = YES;
				CLANG_WARN_CONSTANT_CONVERSION = YES;
				CLANG_WARN_DEPRECATED_OBJC_IMPLEMENTATIONS = YES;
				CLANG_WARN_DIRECT_OBJC_ISA_USAGE = YES_ERROR;
				CLANG_WARN_DOCUMENTATION_COMMENTS = YES;
				CLANG_WARN_EMPTY_BODY = YES;
				CLANG_WARN_ENUM_CONVERSION = YES;
				CLANG_WARN_INFINITE_RECURSION = YES;
				CLANG_WARN_INT_CONVERSION = YES;
				CLANG_WARN_NON_LITERAL_NULL_CONVERSION = YES;
				CLANG_WARN_OBJC_IMPLICIT_RETAIN_SELF = YES;
				CLANG_WARN_OBJC_LITERAL_CONVERSION = YES;
				CLANG_WARN_OBJC_ROOT_CLASS = YES_ERROR;
				CLANG_WARN_RANGE_LOOP_ANALYSIS = YES;
				CLANG_WARN_STRICT_PROTOTYPES = YES;
				CLANG_WARN_SUSPICIOUS_MOVE = YES;
				CLANG_WARN_UNGUARDED_AVAILABILITY = YES_AGGRESSIVE;
				CLANG_WARN_UNREACHABLE_CODE = YES;
				CLANG_WARN__DUPLICATE_METHOD_MATCH = YES;
				COPY_PHASE_STRIP = NO;
				DEBUG_INFORMATION_FORMAT = dwarf;
				ENABLE_STRICT_OBJC_MSGSEND = YES;
				ENABLE_TESTABILITY = YES;
				GCC_C_LANGUAGE_STANDARD = gnu11;
				GCC_DYNAMIC_NO_PIC = NO;
				GCC_NO_COMMON_BLOCKS = YES;
				GCC_OPTIMIZATION_LEVEL = 0;
				GCC_PREPROCESSOR_DEFINITIONS = (
					"DEBUG=1",
					"$(inherited)",
				);
				GCC_WARN_64_TO_32_BIT_CONVERSION = YES;
				GCC_WARN_ABOUT_RETURN_TYPE = YES_ERROR;
				GCC_WARN_UNDECLARED_SELECTOR = YES;
				GCC_WARN_UNINITIALIZED_AUTOS = YES_AGGRESSIVE;
				GCC_WARN_UNUSED_FUNCTION = YES;
				GCC_WARN_UNUSED_VARIABLE = YES;
				IPHONEOS_DEPLOYMENT_TARGET = 13.4;
				MTL_ENABLE_DEBUG_INFO = INCLUDE_SOURCE;
				MTL_FAST_MATH = YES;
				ONLY_ACTIVE_ARCH = YES;
				SDKROOT = iphoneos;
				SWIFT_ACTIVE_COMPILATION_CONDITIONS = DEBUG;
				SWIFT_OPTIMIZATION_LEVEL = "-Onone";
			};
			name = Debug;
		};
		42E64D0A2479855E00242A78 /* Release */ = {
			isa = XCBuildConfiguration;
			buildSettings = {
				ALWAYS_SEARCH_USER_PATHS = NO;
				CLANG_ANALYZER_NONNULL = YES;
				CLANG_ANALYZER_NUMBER_OBJECT_CONVERSION = YES_AGGRESSIVE;
				CLANG_CXX_LANGUAGE_STANDARD = "gnu++14";
				CLANG_CXX_LIBRARY = "libc++";
				CLANG_ENABLE_MODULES = YES;
				CLANG_ENABLE_OBJC_ARC = YES;
				CLANG_ENABLE_OBJC_WEAK = YES;
				CLANG_WARN_BLOCK_CAPTURE_AUTORELEASING = YES;
				CLANG_WARN_BOOL_CONVERSION = YES;
				CLANG_WARN_COMMA = YES;
				CLANG_WARN_CONSTANT_CONVERSION = YES;
				CLANG_WARN_DEPRECATED_OBJC_IMPLEMENTATIONS = YES;
				CLANG_WARN_DIRECT_OBJC_ISA_USAGE = YES_ERROR;
				CLANG_WARN_DOCUMENTATION_COMMENTS = YES;
				CLANG_WARN_EMPTY_BODY = YES;
				CLANG_WARN_ENUM_CONVERSION = YES;
				CLANG_WARN_INFINITE_RECURSION = YES;
				CLANG_WARN_INT_CONVERSION = YES;
				CLANG_WARN_NON_LITERAL_NULL_CONVERSION = YES;
				CLANG_WARN_OBJC_IMPLICIT_RETAIN_SELF = YES;
				CLANG_WARN_OBJC_LITERAL_CONVERSION = YES;
				CLANG_WARN_OBJC_ROOT_CLASS = YES_ERROR;
				CLANG_WARN_RANGE_LOOP_ANALYSIS = YES;
				CLANG_WARN_STRICT_PROTOTYPES = YES;
				CLANG_WARN_SUSPICIOUS_MOVE = YES;
				CLANG_WARN_UNGUARDED_AVAILABILITY = YES_AGGRESSIVE;
				CLANG_WARN_UNREACHABLE_CODE = YES;
				CLANG_WARN__DUPLICATE_METHOD_MATCH = YES;
				COPY_PHASE_STRIP = NO;
				DEBUG_INFORMATION_FORMAT = "dwarf-with-dsym";
				ENABLE_NS_ASSERTIONS = NO;
				ENABLE_STRICT_OBJC_MSGSEND = YES;
				GCC_C_LANGUAGE_STANDARD = gnu11;
				GCC_NO_COMMON_BLOCKS = YES;
				GCC_WARN_64_TO_32_BIT_CONVERSION = YES;
				GCC_WARN_ABOUT_RETURN_TYPE = YES_ERROR;
				GCC_WARN_UNDECLARED_SELECTOR = YES;
				GCC_WARN_UNINITIALIZED_AUTOS = YES_AGGRESSIVE;
				GCC_WARN_UNUSED_FUNCTION = YES;
				GCC_WARN_UNUSED_VARIABLE = YES;
				IPHONEOS_DEPLOYMENT_TARGET = 13.4;
				MTL_ENABLE_DEBUG_INFO = NO;
				MTL_FAST_MATH = YES;
				SDKROOT = iphoneos;
				SWIFT_COMPILATION_MODE = wholemodule;
				SWIFT_OPTIMIZATION_LEVEL = "-O";
				VALIDATE_PRODUCT = YES;
			};
			name = Release;
		};
		42E64D0C2479855E00242A78 /* Debug */ = {
			isa = XCBuildConfiguration;
			baseConfigurationReference = 727546634BB900AA0511BCE3 /* Pods-TeleMedML.debug.xcconfig */;
			buildSettings = {
				ASSETCATALOG_COMPILER_APPICON_NAME = AppIcon;
				CODE_SIGN_STYLE = Automatic;
				DEVELOPMENT_TEAM = FRK65ZLPLW;
				INFOPLIST_FILE = TeleMedML/Info.plist;
				LD_RUNPATH_SEARCH_PATHS = (
					"$(inherited)",
					"@executable_path/Frameworks",
				);
				PRODUCT_BUNDLE_IDENTIFIER = aryatschand.TeleMedML;
				PRODUCT_NAME = "$(TARGET_NAME)";
				SWIFT_VERSION = 5.0;
				TARGETED_DEVICE_FAMILY = "1,2";
			};
			name = Debug;
		};
		42E64D0D2479855E00242A78 /* Release */ = {
			isa = XCBuildConfiguration;
			baseConfigurationReference = 65FB3F1598E31780EB81A5E8 /* Pods-TeleMedML.release.xcconfig */;
			buildSettings = {
				ASSETCATALOG_COMPILER_APPICON_NAME = AppIcon;
				CODE_SIGN_STYLE = Automatic;
				DEVELOPMENT_TEAM = FRK65ZLPLW;
				INFOPLIST_FILE = TeleMedML/Info.plist;
				LD_RUNPATH_SEARCH_PATHS = (
					"$(inherited)",
					"@executable_path/Frameworks",
				);
				PRODUCT_BUNDLE_IDENTIFIER = aryatschand.TeleMedML;
				PRODUCT_NAME = "$(TARGET_NAME)";
				SWIFT_VERSION = 5.0;
				TARGETED_DEVICE_FAMILY = "1,2";
			};
			name = Release;
		};
		42E64D0F2479855E00242A78 /* Debug */ = {
			isa = XCBuildConfiguration;
			baseConfigurationReference = 1C8078E278089056D0B78BA3 /* Pods-TeleMedMLTests.debug.xcconfig */;
			buildSettings = {
				ALWAYS_EMBED_SWIFT_STANDARD_LIBRARIES = YES;
				BUNDLE_LOADER = "$(TEST_HOST)";
				CODE_SIGN_STYLE = Automatic;
				DEVELOPMENT_TEAM = FRK65ZLPLW;
				INFOPLIST_FILE = TeleMedMLTests/Info.plist;
				IPHONEOS_DEPLOYMENT_TARGET = 13.4;
				LD_RUNPATH_SEARCH_PATHS = (
					"$(inherited)",
					"@executable_path/Frameworks",
					"@loader_path/Frameworks",
				);
				PRODUCT_BUNDLE_IDENTIFIER = aryatschand.TeleMedMLTests;
				PRODUCT_NAME = "$(TARGET_NAME)";
				SWIFT_VERSION = 5.0;
				TARGETED_DEVICE_FAMILY = "1,2";
				TEST_HOST = "$(BUILT_PRODUCTS_DIR)/TeleMedML.app/TeleMedML";
			};
			name = Debug;
		};
		42E64D102479855E00242A78 /* Release */ = {
			isa = XCBuildConfiguration;
			baseConfigurationReference = BCD944185C145A62A3DBCCCC /* Pods-TeleMedMLTests.release.xcconfig */;
			buildSettings = {
				ALWAYS_EMBED_SWIFT_STANDARD_LIBRARIES = YES;
				BUNDLE_LOADER = "$(TEST_HOST)";
				CODE_SIGN_STYLE = Automatic;
				DEVELOPMENT_TEAM = FRK65ZLPLW;
				INFOPLIST_FILE = TeleMedMLTests/Info.plist;
				IPHONEOS_DEPLOYMENT_TARGET = 13.4;
				LD_RUNPATH_SEARCH_PATHS = (
					"$(inherited)",
					"@executable_path/Frameworks",
					"@loader_path/Frameworks",
				);
				PRODUCT_BUNDLE_IDENTIFIER = aryatschand.TeleMedMLTests;
				PRODUCT_NAME = "$(TARGET_NAME)";
				SWIFT_VERSION = 5.0;
				TARGETED_DEVICE_FAMILY = "1,2";
				TEST_HOST = "$(BUILT_PRODUCTS_DIR)/TeleMedML.app/TeleMedML";
			};
			name = Release;
		};
		42E64D122479855E00242A78 /* Debug */ = {
			isa = XCBuildConfiguration;
			baseConfigurationReference = 671690EC4FF036F679224C3C /* Pods-TeleMedML-TeleMedMLUITests.debug.xcconfig */;
			buildSettings = {
				ALWAYS_EMBED_SWIFT_STANDARD_LIBRARIES = YES;
				CODE_SIGN_STYLE = Automatic;
				DEVELOPMENT_TEAM = FRK65ZLPLW;
				INFOPLIST_FILE = TeleMedMLUITests/Info.plist;
				LD_RUNPATH_SEARCH_PATHS = (
					"$(inherited)",
					"@executable_path/Frameworks",
					"@loader_path/Frameworks",
				);
				PRODUCT_BUNDLE_IDENTIFIER = aryatschand.TeleMedMLUITests;
				PRODUCT_NAME = "$(TARGET_NAME)";
				SWIFT_VERSION = 5.0;
				TARGETED_DEVICE_FAMILY = "1,2";
				TEST_TARGET_NAME = TeleMedML;
			};
			name = Debug;
		};
		42E64D132479855E00242A78 /* Release */ = {
			isa = XCBuildConfiguration;
			baseConfigurationReference = F1F2790CAA4F1E06AFF8F576 /* Pods-TeleMedML-TeleMedMLUITests.release.xcconfig */;
			buildSettings = {
				ALWAYS_EMBED_SWIFT_STANDARD_LIBRARIES = YES;
				CODE_SIGN_STYLE = Automatic;
				DEVELOPMENT_TEAM = FRK65ZLPLW;
				INFOPLIST_FILE = TeleMedMLUITests/Info.plist;
				LD_RUNPATH_SEARCH_PATHS = (
					"$(inherited)",
					"@executable_path/Frameworks",
					"@loader_path/Frameworks",
				);
				PRODUCT_BUNDLE_IDENTIFIER = aryatschand.TeleMedMLUITests;
				PRODUCT_NAME = "$(TARGET_NAME)";
				SWIFT_VERSION = 5.0;
				TARGETED_DEVICE_FAMILY = "1,2";
				TEST_TARGET_NAME = TeleMedML;
			};
			name = Release;
		};
/* End XCBuildConfiguration section */

/* Begin XCConfigurationList section */
		42E64CDC2479855B00242A78 /* Build configuration list for PBXProject "TeleMedML" */ = {
			isa = XCConfigurationList;
			buildConfigurations = (
				42E64D092479855E00242A78 /* Debug */,
				42E64D0A2479855E00242A78 /* Release */,
			);
			defaultConfigurationIsVisible = 0;
			defaultConfigurationName = Release;
		};
		42E64D0B2479855E00242A78 /* Build configuration list for PBXNativeTarget "TeleMedML" */ = {
			isa = XCConfigurationList;
			buildConfigurations = (
				42E64D0C2479855E00242A78 /* Debug */,
				42E64D0D2479855E00242A78 /* Release */,
			);
			defaultConfigurationIsVisible = 0;
			defaultConfigurationName = Release;
		};
		42E64D0E2479855E00242A78 /* Build configuration list for PBXNativeTarget "TeleMedMLTests" */ = {
			isa = XCConfigurationList;
			buildConfigurations = (
				42E64D0F2479855E00242A78 /* Debug */,
				42E64D102479855E00242A78 /* Release */,
			);
			defaultConfigurationIsVisible = 0;
			defaultConfigurationName = Release;
		};
		42E64D112479855E00242A78 /* Build configuration list for PBXNativeTarget "TeleMedMLUITests" */ = {
			isa = XCConfigurationList;
			buildConfigurations = (
				42E64D122479855E00242A78 /* Debug */,
				42E64D132479855E00242A78 /* Release */,
			);
			defaultConfigurationIsVisible = 0;
			defaultConfigurationName = Release;
		};
/* End XCConfigurationList section */
	};
	rootObject = 42E64CD92479855B00242A78 /* Project object */;
}
